{
    "_readme": [
        "This file locks the dependencies of your project to a known state",
        "Read more about it at https://getcomposer.org/doc/01-basic-usage.md#installing-dependencies",
        "This file is @generated automatically"
    ],
    "content-hash": "ab3e190ed34dcec58eef2998d2dda3dc",
    "packages": [
        {
            "name": "tangyong/library",
            "version": "v1.0.2",
            "source": {
                "type": "git",
                "url": "https://github.com/tangyong230/library.git",
                "reference": "a9448403678fd09803d14e39e0327b7d2f8b6eef"
            },
            "dist": {
                "type": "zip",
                "url": "https://api.github.com/repos/tangyong230/library/zipball/a9448403678fd09803d14e39e0327b7d2f8b6eef",
                "reference": "a9448403678fd09803d14e39e0327b7d2f8b6eef",
                "shasum": "",
                "mirrors": [
                    {
                        "url": "https://mirrors.aliyun.com/composer/dists/%package%/%reference%.%type%",
                        "preferred": true
                    }
                ]
            },
            "type": "library",
            "autoload": {
                "psr-4": {
                    "tangyong\\library\\": "src"
                }
            },
            "notification-url": "https://packagist.org/downloads/",
            "license": [
                "MIT"
            ],
            "authors": [
                {
                    "name": "tangyong",
                    "email": "china.php@qq.com"
                }
            ],
            "description": "basic library",
            "time": "2020-08-27T09:34:40+00:00"
        }
    ],
    "packages-dev": [],
    "aliases": [],
    "minimum-stability": "dev",
    "stability-flags": [],
    "prefer-stable": false,
    "prefer-lowest": false,
    "platform": [],
    "platform-dev": [],
    "plugin-api-version": "1.1.0"
}
